
Microsoft Visual Studio Solution File, Format Version 12.00
# Visual Studio Version 17
VisualStudioVersion = 17.2.32616.157
MinimumVisualStudioVersion = 10.0.40219.1
Project("{9A19103F-16F7-4668-BE54-9A1E7A4F7556}") = "Mgmo.Main.Article.Infratructure", "Mgmo.Main.Article.Infratructure\Mgmo.Main.Article.Infratructure.csproj", "{29815917-D7FB-4117-911D-682BD2853500}"
EndProject
Project("{9A19103F-16F7-4668-BE54-9A1E7A4F7556}") = "Mgmo.Main.Article.Core", "Mgmo.Main.Article.Core\Mgmo.Main.Article.Core.csproj", "{476FD931-8555-496C-90F3-D39A8A03BB33}"
EndProject
Project("{FAE04EC0-301F-11D3-BF4B-00C04F79EFBC}") = "Mgmo.Main.Article.App", "Mgmo.Main.Article.App\Mgmo.Main.Article.App.csproj", "{4887D1F7-C3CB-49F2-9535-EB4FFAC7421F}"
EndProject
Project("{FAE04EC0-301F-11D3-BF4B-00C04F79EFBC}") = "Mgmo.Main.WebApp", "Mgmo.Main.WebApp\Mgmo.Main.WebApp.csproj", "{26EF019E-24C3-402F-82A4-40E2C38D59CB}"
EndProject
Global
	GlobalSection(SolutionConfigurationPlatforms) = preSolution
		Debug|Any CPU = Debug|Any CPU
		Release|Any CPU = Release|Any CPU
	EndGlobalSection
	GlobalSection(ProjectConfigurationPlatforms) = postSolution
		{29815917-D7FB-4117-911D-682BD2853500}.Debug|Any CPU.ActiveCfg = Debug|Any CPU
		{29815917-D7FB-4117-911D-682BD2853500}.Debug|Any CPU.Build.0 = Debug|Any CPU
		{29815917-D7FB-4117-911D-682BD2853500}.Release|Any CPU.ActiveCfg = Release|Any CPU
		{29815917-D7FB-4117-911D-682BD2853500}.Release|Any CPU.Build.0 = Release|Any CPU
		{476FD931-8555-496C-90F3-D39A8A03BB33}.Debug|Any CPU.ActiveCfg = Debug|Any CPU
		{476FD931-8555-496C-90F3-D39A8A03BB33}.Debug|Any CPU.Build.0 = Debug|Any CPU
		{476FD931-8555-496C-90F3-D39A8A03BB33}.Release|Any CPU.ActiveCfg = Release|Any CPU
		{476FD931-8555-496C-90F3-D39A8A03BB33}.Release|Any CPU.Build.0 = Release|Any CPU
		{4887D1F7-C3CB-49F2-9535-EB4FFAC7421F}.Debug|Any CPU.ActiveCfg = Debug|Any CPU
		{4887D1F7-C3CB-49F2-9535-EB4FFAC7421F}.Debug|Any CPU.Build.0 = Debug|Any CPU
		{4887D1F7-C3CB-49F2-9535-EB4FFAC7421F}.Release|Any CPU.ActiveCfg = Release|Any CPU
		{4887D1F7-C3CB-49F2-9535-EB4FFAC7421F}.Release|Any CPU.Build.0 = Release|Any CPU
		{26EF019E-24C3-402F-82A4-40E2C38D59CB}.Debug|Any CPU.ActiveCfg = Debug|Any CPU
		{26EF019E-24C3-402F-82A4-40E2C38D59CB}.Debug|Any CPU.Build.0 = Debug|Any CPU
		{26EF019E-24C3-402F-82A4-40E2C38D59CB}.Release|Any CPU.ActiveCfg = Release|Any CPU
		{26EF019E-24C3-402F-82A4-40E2C38D59CB}.Release|Any CPU.Build.0 = Release|Any CPU
	EndGlobalSection
	GlobalSection(SolutionProperties) = preSolution
		HideSolutionNode = FALSE
	EndGlobalSection
	GlobalSection(ExtensibilityGlobals) = postSolution
		SolutionGuid = {B1ED6300-A841-43F6-AE54-1BF73AAA4BB5}
	EndGlobalSection
EndGlobal
