
Microsoft Visual Studio Solution File, Format Version 12.00
# Visual Studio Version 17
VisualStudioVersion = 17.2.32616.157
MinimumVisualStudioVersion = 10.0.40219.1
Project("{9A19103F-16F7-4668-BE54-9A1E7A4F7556}") = "mgmo.main.mvc", "mgmo.main.mvc\mgmo.main.mvc.csproj", "{B34CEB80-B2C5-4C8E-972B-E54BA084F769}"
EndProject
Project("{9A19103F-16F7-4668-BE54-9A1E7A4F7556}") = "mgmo.main.articles", "mgmo.main.articles\mgmo.main.articles.csproj", "{1C84E987-169B-437E-8F2B-47BAF93EA99B}"
EndProject
Project("{9A19103F-16F7-4668-BE54-9A1E7A4F7556}") = "mgmo.main.articles.data", "mgmo.main.articles.data\mgmo.main.articles.data.csproj", "{DC54AE3B-5326-4BAC-9ACC-81D278A633F3}"
EndProject
Project("{FAE04EC0-301F-11D3-BF4B-00C04F79EFBC}") = "mgmo.main.article.models", "mgmo.main.article.models\mgmo.main.article.models.csproj", "{7C2757A8-5F59-43B6-9D4E-EB3818864FF4}"
EndProject
Project("{FAE04EC0-301F-11D3-BF4B-00C04F79EFBC}") = "mgmo.main.article.contracts", "mgmo.main.article.contracts\mgmo.main.article.contracts.csproj", "{09B2B18E-4367-4886-B4D3-2937EE3D018C}"
EndProject
Global
	GlobalSection(SolutionConfigurationPlatforms) = preSolution
		Debug|Any CPU = Debug|Any CPU
		Release|Any CPU = Release|Any CPU
	EndGlobalSection
	GlobalSection(ProjectConfigurationPlatforms) = postSolution
		{B34CEB80-B2C5-4C8E-972B-E54BA084F769}.Debug|Any CPU.ActiveCfg = Debug|Any CPU
		{B34CEB80-B2C5-4C8E-972B-E54BA084F769}.Debug|Any CPU.Build.0 = Debug|Any CPU
		{B34CEB80-B2C5-4C8E-972B-E54BA084F769}.Release|Any CPU.ActiveCfg = Release|Any CPU
		{B34CEB80-B2C5-4C8E-972B-E54BA084F769}.Release|Any CPU.Build.0 = Release|Any CPU
		{1C84E987-169B-437E-8F2B-47BAF93EA99B}.Debug|Any CPU.ActiveCfg = Debug|Any CPU
		{1C84E987-169B-437E-8F2B-47BAF93EA99B}.Debug|Any CPU.Build.0 = Debug|Any CPU
		{1C84E987-169B-437E-8F2B-47BAF93EA99B}.Release|Any CPU.ActiveCfg = Release|Any CPU
		{1C84E987-169B-437E-8F2B-47BAF93EA99B}.Release|Any CPU.Build.0 = Release|Any CPU
		{DC54AE3B-5326-4BAC-9ACC-81D278A633F3}.Debug|Any CPU.ActiveCfg = Debug|Any CPU
		{DC54AE3B-5326-4BAC-9ACC-81D278A633F3}.Debug|Any CPU.Build.0 = Debug|Any CPU
		{DC54AE3B-5326-4BAC-9ACC-81D278A633F3}.Release|Any CPU.ActiveCfg = Release|Any CPU
		{DC54AE3B-5326-4BAC-9ACC-81D278A633F3}.Release|Any CPU.Build.0 = Release|Any CPU
		{7C2757A8-5F59-43B6-9D4E-EB3818864FF4}.Debug|Any CPU.ActiveCfg = Debug|Any CPU
		{7C2757A8-5F59-43B6-9D4E-EB3818864FF4}.Debug|Any CPU.Build.0 = Debug|Any CPU
		{7C2757A8-5F59-43B6-9D4E-EB3818864FF4}.Release|Any CPU.ActiveCfg = Release|Any CPU
		{7C2757A8-5F59-43B6-9D4E-EB3818864FF4}.Release|Any CPU.Build.0 = Release|Any CPU
		{09B2B18E-4367-4886-B4D3-2937EE3D018C}.Debug|Any CPU.ActiveCfg = Debug|Any CPU
		{09B2B18E-4367-4886-B4D3-2937EE3D018C}.Debug|Any CPU.Build.0 = Debug|Any CPU
		{09B2B18E-4367-4886-B4D3-2937EE3D018C}.Release|Any CPU.ActiveCfg = Release|Any CPU
		{09B2B18E-4367-4886-B4D3-2937EE3D018C}.Release|Any CPU.Build.0 = Release|Any CPU
	EndGlobalSection
	GlobalSection(SolutionProperties) = preSolution
		HideSolutionNode = FALSE
	EndGlobalSection
	GlobalSection(ExtensibilityGlobals) = postSolution
		SolutionGuid = {B1ED6300-A841-43F6-AE54-1BF73AAA4BB5}
	EndGlobalSection
EndGlobal
