
Microsoft Visual Studio Solution File, Format Version 12.00
# Visual Studio Version 16
VisualStudioVersion = 16.0.30011.22
MinimumVisualStudioVersion = 10.0.40219.1
Project("{9A19103F-16F7-4668-BE54-9A1E7A4F7556}") = "mgmomain", "mgmomain.csproj", "{8C4269B4-08A9-48E2-8B3A-4AEE94CCC236}"
EndProject
Project("{9A19103F-16F7-4668-BE54-9A1E7A4F7556}") = "mgmoarticledata", "..\mgmodata\mgmoarticledata.csproj", "{71E0895F-A8EA-48B3-B830-BDE0FA8F58C5}"
EndProject
Project("{9A19103F-16F7-4668-BE54-9A1E7A4F7556}") = "mgmoarticleblo", "..\mgmobl\mgmoarticleblo.csproj", "{A9948DAE-8698-4DDB-8ABE-932C310DD5DF}"
EndProject
Project("{9A19103F-16F7-4668-BE54-9A1E7A4F7556}") = "mgmoarticleint", "..\mgmoarticleint\mgmoarticleint.csproj", "{5029F972-D941-40EB-A670-E835EF46374A}"
EndProject
Project("{9A19103F-16F7-4668-BE54-9A1E7A4F7556}") = "mgmoconnector", "..\mgmoconnector\mgmoconnector.csproj", "{73F5951A-E14C-451F-8F1F-810F2ABDA4FA}"
EndProject
Project("{FAE04EC0-301F-11D3-BF4B-00C04F79EFBC}") = "mgmoapi", "..\mgmoapi\mgmoapi.csproj", "{9C7971FF-2745-4797-A3E3-777CD21D7904}"
EndProject
Global
	GlobalSection(SolutionConfigurationPlatforms) = preSolution
		Debug|Any CPU = Debug|Any CPU
		Release|Any CPU = Release|Any CPU
	EndGlobalSection
	GlobalSection(ProjectConfigurationPlatforms) = postSolution
		{8C4269B4-08A9-48E2-8B3A-4AEE94CCC236}.Debug|Any CPU.ActiveCfg = Debug|Any CPU
		{8C4269B4-08A9-48E2-8B3A-4AEE94CCC236}.Debug|Any CPU.Build.0 = Debug|Any CPU
		{8C4269B4-08A9-48E2-8B3A-4AEE94CCC236}.Release|Any CPU.ActiveCfg = Release|Any CPU
		{8C4269B4-08A9-48E2-8B3A-4AEE94CCC236}.Release|Any CPU.Build.0 = Release|Any CPU
		{71E0895F-A8EA-48B3-B830-BDE0FA8F58C5}.Debug|Any CPU.ActiveCfg = Debug|Any CPU
		{71E0895F-A8EA-48B3-B830-BDE0FA8F58C5}.Debug|Any CPU.Build.0 = Debug|Any CPU
		{71E0895F-A8EA-48B3-B830-BDE0FA8F58C5}.Release|Any CPU.ActiveCfg = Release|Any CPU
		{71E0895F-A8EA-48B3-B830-BDE0FA8F58C5}.Release|Any CPU.Build.0 = Release|Any CPU
		{A9948DAE-8698-4DDB-8ABE-932C310DD5DF}.Debug|Any CPU.ActiveCfg = Debug|Any CPU
		{A9948DAE-8698-4DDB-8ABE-932C310DD5DF}.Debug|Any CPU.Build.0 = Debug|Any CPU
		{A9948DAE-8698-4DDB-8ABE-932C310DD5DF}.Release|Any CPU.ActiveCfg = Release|Any CPU
		{A9948DAE-8698-4DDB-8ABE-932C310DD5DF}.Release|Any CPU.Build.0 = Release|Any CPU
		{5029F972-D941-40EB-A670-E835EF46374A}.Debug|Any CPU.ActiveCfg = Debug|Any CPU
		{5029F972-D941-40EB-A670-E835EF46374A}.Debug|Any CPU.Build.0 = Debug|Any CPU
		{5029F972-D941-40EB-A670-E835EF46374A}.Release|Any CPU.ActiveCfg = Release|Any CPU
		{5029F972-D941-40EB-A670-E835EF46374A}.Release|Any CPU.Build.0 = Release|Any CPU
		{73F5951A-E14C-451F-8F1F-810F2ABDA4FA}.Debug|Any CPU.ActiveCfg = Debug|Any CPU
		{73F5951A-E14C-451F-8F1F-810F2ABDA4FA}.Debug|Any CPU.Build.0 = Debug|Any CPU
		{73F5951A-E14C-451F-8F1F-810F2ABDA4FA}.Release|Any CPU.ActiveCfg = Release|Any CPU
		{73F5951A-E14C-451F-8F1F-810F2ABDA4FA}.Release|Any CPU.Build.0 = Release|Any CPU
		{9C7971FF-2745-4797-A3E3-777CD21D7904}.Debug|Any CPU.ActiveCfg = Debug|Any CPU
		{9C7971FF-2745-4797-A3E3-777CD21D7904}.Debug|Any CPU.Build.0 = Debug|Any CPU
		{9C7971FF-2745-4797-A3E3-777CD21D7904}.Release|Any CPU.ActiveCfg = Release|Any CPU
		{9C7971FF-2745-4797-A3E3-777CD21D7904}.Release|Any CPU.Build.0 = Release|Any CPU
	EndGlobalSection
	GlobalSection(SolutionProperties) = preSolution
		HideSolutionNode = FALSE
	EndGlobalSection
	GlobalSection(ExtensibilityGlobals) = postSolution
		SolutionGuid = {B5A5616D-804C-41BF-9702-4095FF8A3E01}
	EndGlobalSection
EndGlobal
