
Microsoft Visual Studio Solution File, Format Version 12.00
# Visual Studio Version 17
VisualStudioVersion = 17.7.34024.191
MinimumVisualStudioVersion = 10.0.40219.1
Project("{9A19103F-16F7-4668-BE54-9A1E7A4F7556}") = "Mgmo.Main.WebApp", "Mgmo.Main.WebApp.csproj", "{5F3DE431-2155-4A34-80B7-B16C22BBFEA3}"
EndProject
Project("{9A19103F-16F7-4668-BE54-9A1E7A4F7556}") = "Mgmo.Main.Models", "..\Mgmo.Main.Models\Mgmo.Main.Models.csproj", "{80ED555A-F2EC-42F1-A11C-A648AB4D9BE5}"
EndProject
Project("{9A19103F-16F7-4668-BE54-9A1E7A4F7556}") = "Mgmo.Main.Core", "..\Mgmo.Main.Core\Mgmo.Main.Core.csproj", "{CD700D5A-0101-468A-ADB5-B2AC92954D59}"
EndProject
Project("{9A19103F-16F7-4668-BE54-9A1E7A4F7556}") = "Mgmo.Main.Infratructure", "..\Mgmo.Main.Infratructure\Mgmo.Main.Infratructure.csproj", "{340E8A94-C6C2-4C65-96AD-DE86AA68AA55}"
EndProject
Global
	GlobalSection(SolutionConfigurationPlatforms) = preSolution
		Debug|Any CPU = Debug|Any CPU
		Release|Any CPU = Release|Any CPU
	EndGlobalSection
	GlobalSection(ProjectConfigurationPlatforms) = postSolution
		{5F3DE431-2155-4A34-80B7-B16C22BBFEA3}.Debug|Any CPU.ActiveCfg = Debug|Any CPU
		{5F3DE431-2155-4A34-80B7-B16C22BBFEA3}.Debug|Any CPU.Build.0 = Debug|Any CPU
		{5F3DE431-2155-4A34-80B7-B16C22BBFEA3}.Release|Any CPU.ActiveCfg = Release|Any CPU
		{5F3DE431-2155-4A34-80B7-B16C22BBFEA3}.Release|Any CPU.Build.0 = Release|Any CPU
		{80ED555A-F2EC-42F1-A11C-A648AB4D9BE5}.Debug|Any CPU.ActiveCfg = Debug|Any CPU
		{80ED555A-F2EC-42F1-A11C-A648AB4D9BE5}.Debug|Any CPU.Build.0 = Debug|Any CPU
		{80ED555A-F2EC-42F1-A11C-A648AB4D9BE5}.Release|Any CPU.ActiveCfg = Release|Any CPU
		{80ED555A-F2EC-42F1-A11C-A648AB4D9BE5}.Release|Any CPU.Build.0 = Release|Any CPU
		{CD700D5A-0101-468A-ADB5-B2AC92954D59}.Debug|Any CPU.ActiveCfg = Debug|Any CPU
		{CD700D5A-0101-468A-ADB5-B2AC92954D59}.Debug|Any CPU.Build.0 = Debug|Any CPU
		{CD700D5A-0101-468A-ADB5-B2AC92954D59}.Release|Any CPU.ActiveCfg = Release|Any CPU
		{CD700D5A-0101-468A-ADB5-B2AC92954D59}.Release|Any CPU.Build.0 = Release|Any CPU
		{340E8A94-C6C2-4C65-96AD-DE86AA68AA55}.Debug|Any CPU.ActiveCfg = Debug|Any CPU
		{340E8A94-C6C2-4C65-96AD-DE86AA68AA55}.Debug|Any CPU.Build.0 = Debug|Any CPU
		{340E8A94-C6C2-4C65-96AD-DE86AA68AA55}.Release|Any CPU.ActiveCfg = Release|Any CPU
		{340E8A94-C6C2-4C65-96AD-DE86AA68AA55}.Release|Any CPU.Build.0 = Release|Any CPU
	EndGlobalSection
	GlobalSection(SolutionProperties) = preSolution
		HideSolutionNode = FALSE
	EndGlobalSection
	GlobalSection(ExtensibilityGlobals) = postSolution
		SolutionGuid = {48785026-3FDE-41C9-8E5B-9860B7470005}
	EndGlobalSection
EndGlobal
